
Microsoft Visual Studio Solution File, Format Version 12.00
# Visual Studio Version 17
VisualStudioVersion = 17.2.32616.157
MinimumVisualStudioVersion = 10.0.40219.1
Project("{2150E333-8FDC-42A3-9474-1A3956D46DE8}") = "src", "src", "{0E881646-568C-4484-AE1B-5555E9B7B00B}"
EndProject
Project("{2150E333-8FDC-42A3-9474-1A3956D46DE8}") = "Api", "Api", "{DDD7A4B6-7012-4F10-A073-B80FEFE65BC6}"
EndProject
Project("{2150E333-8FDC-42A3-9474-1A3956D46DE8}") = "Clients", "Clients", "{DAF96418-7886-4F8C-98F8-764556BF30D6}"
EndProject
Project("{2150E333-8FDC-42A3-9474-1A3956D46DE8}") = "Common", "Common", "{1E7A9E79-E964-4272-AC50-D8AC312E0883}"
EndProject
Project("{2150E333-8FDC-42A3-9474-1A3956D46DE8}") = "Projections", "Projections", "{FDE22124-294A-4B33-8362-BE0C2A13BC96}"
EndProject
Project("{2150E333-8FDC-42A3-9474-1A3956D46DE8}") = "Core", "Core", "{7D46502D-8C4C-48DA-AA4B-69DB73C4AE09}"
EndProject
Project("{2150E333-8FDC-42A3-9474-1A3956D46DE8}") = "Infrastructure", "Infrastructure", "{500FA3B8-195D-4BED-A8E6-B7978DF49D1A}"
EndProject
Project("{2150E333-8FDC-42A3-9474-1A3956D46DE8}") = "WebApi", "WebApi", "{79313A37-0976-402B-8A43-1E6C3E4DDFF7}"
EndProject
Project("{9A19103F-16F7-4668-BE54-9A1E7A4F7556}") = "BlazorSozluk.Common", "src\Common\BlazorSozluk.Common\BlazorSozluk.Common.csproj", "{A6FDBAF2-CF68-455B-B550-95D6BFF9E4F2}"
EndProject
Project("{9A19103F-16F7-4668-BE54-9A1E7A4F7556}") = "BlazorSozluk.Api.Domain", "src\Api\Core\BlazorSozluk.Api.Domain\BlazorSozluk.Api.Domain.csproj", "{CC5942D3-4395-45AB-BE7A-8A98AC262A74}"
EndProject
Project("{9A19103F-16F7-4668-BE54-9A1E7A4F7556}") = "BlazorSozluk.Api.Application", "src\Api\Core\BlazorSozluk.Api.Application\BlazorSozluk.Api.Application.csproj", "{1AB8D2D9-6E06-4E69-88CB-7859887BCFA1}"
EndProject
Project("{9A19103F-16F7-4668-BE54-9A1E7A4F7556}") = "BlazorSozluk.Infrastructure.Persistence", "src\Api\Infrastructure\BlazorSozluk.Infrastructure.Persistence\BlazorSozluk.Infrastructure.Persistence.csproj", "{F851B20F-1F6A-41D5-A65C-45D1BB37A706}"
EndProject
Project("{9A19103F-16F7-4668-BE54-9A1E7A4F7556}") = "BlazorSozluk.WebApi", "src\Api\WebApi\BlazorSozluk.WebApi\BlazorSozluk.WebApi.csproj", "{119F9F4D-E198-4094-A9A3-B42ABA3A0E8D}"
EndProject
Project("{9A19103F-16F7-4668-BE54-9A1E7A4F7556}") = "BlazorSozluk.Projections.FavoriteService", "src\Projections\BlazorSozluk.Projections.FavoriteService\BlazorSozluk.Projections.FavoriteService.csproj", "{E96C2A0D-3B50-471E-947D-D02B140370B3}"
EndProject
Project("{9A19103F-16F7-4668-BE54-9A1E7A4F7556}") = "BlazorSozluk.Projections.UserService", "src\Projections\BlazorSozluk.Projections.UserService\BlazorSozluk.Projections.UserService.csproj", "{237776F6-6909-4025-BE07-2CF8035F084F}"
EndProject
Project("{9A19103F-16F7-4668-BE54-9A1E7A4F7556}") = "BlazorSozluk.Projections.VoteService", "src\Projections\BlazorSozluk.Projections.VoteService\BlazorSozluk.Projections.VoteService.csproj", "{CE99177B-E8C3-4131-BFD3-E0873DB7F74D}"
EndProject
Project("{9A19103F-16F7-4668-BE54-9A1E7A4F7556}") = "BlazorSozluk.WebApp", "src\Clients\BlazorWeb\BlazorSozluk.WebApp\BlazorSozluk.WebApp.csproj", "{BE438892-B12F-4E0E-A163-73BA76E4DF71}"
EndProject
Project("{2150E333-8FDC-42A3-9474-1A3956D46DE8}") = "test", "test", "{03D6FC2A-7EE3-4D2A-A272-BBA6351A9E4C}"
EndProject
Project("{9A19103F-16F7-4668-BE54-9A1E7A4F7556}") = "TestProject", "test\TestProject\TestProject.csproj", "{1D2698D4-5690-45C6-87FE-EAC1963C8724}"
EndProject
Project("{E53339B2-1760-4266-BCC7-CA923CBCF16C}") = "docker-compose", "docker-compose.dcproj", "{37A6F48F-BD48-4FFE-833C-63629D3FA01A}"
EndProject
Global
	GlobalSection(SolutionConfigurationPlatforms) = preSolution
		Debug|Any CPU = Debug|Any CPU
		Release|Any CPU = Release|Any CPU
	EndGlobalSection
	GlobalSection(ProjectConfigurationPlatforms) = postSolution
		{A6FDBAF2-CF68-455B-B550-95D6BFF9E4F2}.Debug|Any CPU.ActiveCfg = Debug|Any CPU
		{A6FDBAF2-CF68-455B-B550-95D6BFF9E4F2}.Debug|Any CPU.Build.0 = Debug|Any CPU
		{A6FDBAF2-CF68-455B-B550-95D6BFF9E4F2}.Release|Any CPU.ActiveCfg = Release|Any CPU
		{A6FDBAF2-CF68-455B-B550-95D6BFF9E4F2}.Release|Any CPU.Build.0 = Release|Any CPU
		{CC5942D3-4395-45AB-BE7A-8A98AC262A74}.Debug|Any CPU.ActiveCfg = Debug|Any CPU
		{CC5942D3-4395-45AB-BE7A-8A98AC262A74}.Debug|Any CPU.Build.0 = Debug|Any CPU
		{CC5942D3-4395-45AB-BE7A-8A98AC262A74}.Release|Any CPU.ActiveCfg = Release|Any CPU
		{CC5942D3-4395-45AB-BE7A-8A98AC262A74}.Release|Any CPU.Build.0 = Release|Any CPU
		{1AB8D2D9-6E06-4E69-88CB-7859887BCFA1}.Debug|Any CPU.ActiveCfg = Debug|Any CPU
		{1AB8D2D9-6E06-4E69-88CB-7859887BCFA1}.Debug|Any CPU.Build.0 = Debug|Any CPU
		{1AB8D2D9-6E06-4E69-88CB-7859887BCFA1}.Release|Any CPU.ActiveCfg = Release|Any CPU
		{1AB8D2D9-6E06-4E69-88CB-7859887BCFA1}.Release|Any CPU.Build.0 = Release|Any CPU
		{F851B20F-1F6A-41D5-A65C-45D1BB37A706}.Debug|Any CPU.ActiveCfg = Debug|Any CPU
		{F851B20F-1F6A-41D5-A65C-45D1BB37A706}.Debug|Any CPU.Build.0 = Debug|Any CPU
		{F851B20F-1F6A-41D5-A65C-45D1BB37A706}.Release|Any CPU.ActiveCfg = Release|Any CPU
		{F851B20F-1F6A-41D5-A65C-45D1BB37A706}.Release|Any CPU.Build.0 = Release|Any CPU
		{119F9F4D-E198-4094-A9A3-B42ABA3A0E8D}.Debug|Any CPU.ActiveCfg = Debug|Any CPU
		{119F9F4D-E198-4094-A9A3-B42ABA3A0E8D}.Debug|Any CPU.Build.0 = Debug|Any CPU
		{119F9F4D-E198-4094-A9A3-B42ABA3A0E8D}.Release|Any CPU.ActiveCfg = Release|Any CPU
		{119F9F4D-E198-4094-A9A3-B42ABA3A0E8D}.Release|Any CPU.Build.0 = Release|Any CPU
		{E96C2A0D-3B50-471E-947D-D02B140370B3}.Debug|Any CPU.ActiveCfg = Debug|Any CPU
		{E96C2A0D-3B50-471E-947D-D02B140370B3}.Debug|Any CPU.Build.0 = Debug|Any CPU
		{E96C2A0D-3B50-471E-947D-D02B140370B3}.Release|Any CPU.ActiveCfg = Release|Any CPU
		{E96C2A0D-3B50-471E-947D-D02B140370B3}.Release|Any CPU.Build.0 = Release|Any CPU
		{237776F6-6909-4025-BE07-2CF8035F084F}.Debug|Any CPU.ActiveCfg = Debug|Any CPU
		{237776F6-6909-4025-BE07-2CF8035F084F}.Debug|Any CPU.Build.0 = Debug|Any CPU
		{237776F6-6909-4025-BE07-2CF8035F084F}.Release|Any CPU.ActiveCfg = Release|Any CPU
		{237776F6-6909-4025-BE07-2CF8035F084F}.Release|Any CPU.Build.0 = Release|Any CPU
		{CE99177B-E8C3-4131-BFD3-E0873DB7F74D}.Debug|Any CPU.ActiveCfg = Debug|Any CPU
		{CE99177B-E8C3-4131-BFD3-E0873DB7F74D}.Debug|Any CPU.Build.0 = Debug|Any CPU
		{CE99177B-E8C3-4131-BFD3-E0873DB7F74D}.Release|Any CPU.ActiveCfg = Release|Any CPU
		{CE99177B-E8C3-4131-BFD3-E0873DB7F74D}.Release|Any CPU.Build.0 = Release|Any CPU
		{BE438892-B12F-4E0E-A163-73BA76E4DF71}.Debug|Any CPU.ActiveCfg = Debug|Any CPU
		{BE438892-B12F-4E0E-A163-73BA76E4DF71}.Debug|Any CPU.Build.0 = Debug|Any CPU
		{BE438892-B12F-4E0E-A163-73BA76E4DF71}.Release|Any CPU.ActiveCfg = Release|Any CPU
		{BE438892-B12F-4E0E-A163-73BA76E4DF71}.Release|Any CPU.Build.0 = Release|Any CPU
		{1D2698D4-5690-45C6-87FE-EAC1963C8724}.Debug|Any CPU.ActiveCfg = Debug|Any CPU
		{1D2698D4-5690-45C6-87FE-EAC1963C8724}.Debug|Any CPU.Build.0 = Debug|Any CPU
		{1D2698D4-5690-45C6-87FE-EAC1963C8724}.Release|Any CPU.ActiveCfg = Release|Any CPU
		{1D2698D4-5690-45C6-87FE-EAC1963C8724}.Release|Any CPU.Build.0 = Release|Any CPU
		{37A6F48F-BD48-4FFE-833C-63629D3FA01A}.Debug|Any CPU.ActiveCfg = Debug|Any CPU
		{37A6F48F-BD48-4FFE-833C-63629D3FA01A}.Debug|Any CPU.Build.0 = Debug|Any CPU
		{37A6F48F-BD48-4FFE-833C-63629D3FA01A}.Release|Any CPU.ActiveCfg = Release|Any CPU
		{37A6F48F-BD48-4FFE-833C-63629D3FA01A}.Release|Any CPU.Build.0 = Release|Any CPU
	EndGlobalSection
	GlobalSection(SolutionProperties) = preSolution
		HideSolutionNode = FALSE
	EndGlobalSection
	GlobalSection(NestedProjects) = preSolution
		{DDD7A4B6-7012-4F10-A073-B80FEFE65BC6} = {0E881646-568C-4484-AE1B-5555E9B7B00B}
		{DAF96418-7886-4F8C-98F8-764556BF30D6} = {0E881646-568C-4484-AE1B-5555E9B7B00B}
		{1E7A9E79-E964-4272-AC50-D8AC312E0883} = {0E881646-568C-4484-AE1B-5555E9B7B00B}
		{FDE22124-294A-4B33-8362-BE0C2A13BC96} = {0E881646-568C-4484-AE1B-5555E9B7B00B}
		{7D46502D-8C4C-48DA-AA4B-69DB73C4AE09} = {DDD7A4B6-7012-4F10-A073-B80FEFE65BC6}
		{500FA3B8-195D-4BED-A8E6-B7978DF49D1A} = {DDD7A4B6-7012-4F10-A073-B80FEFE65BC6}
		{79313A37-0976-402B-8A43-1E6C3E4DDFF7} = {DDD7A4B6-7012-4F10-A073-B80FEFE65BC6}
		{A6FDBAF2-CF68-455B-B550-95D6BFF9E4F2} = {1E7A9E79-E964-4272-AC50-D8AC312E0883}
		{CC5942D3-4395-45AB-BE7A-8A98AC262A74} = {7D46502D-8C4C-48DA-AA4B-69DB73C4AE09}
		{1AB8D2D9-6E06-4E69-88CB-7859887BCFA1} = {7D46502D-8C4C-48DA-AA4B-69DB73C4AE09}
		{F851B20F-1F6A-41D5-A65C-45D1BB37A706} = {500FA3B8-195D-4BED-A8E6-B7978DF49D1A}
		{119F9F4D-E198-4094-A9A3-B42ABA3A0E8D} = {79313A37-0976-402B-8A43-1E6C3E4DDFF7}
		{E96C2A0D-3B50-471E-947D-D02B140370B3} = {FDE22124-294A-4B33-8362-BE0C2A13BC96}
		{237776F6-6909-4025-BE07-2CF8035F084F} = {FDE22124-294A-4B33-8362-BE0C2A13BC96}
		{CE99177B-E8C3-4131-BFD3-E0873DB7F74D} = {FDE22124-294A-4B33-8362-BE0C2A13BC96}
		{BE438892-B12F-4E0E-A163-73BA76E4DF71} = {DAF96418-7886-4F8C-98F8-764556BF30D6}
		{1D2698D4-5690-45C6-87FE-EAC1963C8724} = {03D6FC2A-7EE3-4D2A-A272-BBA6351A9E4C}
	EndGlobalSection
	GlobalSection(ExtensibilityGlobals) = postSolution
		SolutionGuid = {53F2E233-31E1-414C-A714-2908FDF55FFF}
	EndGlobalSection
EndGlobal
